
Microsoft Visual Studio Solution File, Format Version 12.00
# Visual Studio 15
VisualStudioVersion = 15.0.26430.6
MinimumVisualStudioVersion = 10.0.40219.1
Project("{FAE04EC0-301F-11D3-BF4B-00C04F79EFBC}") = "Paint1", "Paint1\Paint1.csproj", "{51C8CFF3-5125-4DFA-AECB-3D2DAFBE9965}"
EndProject
Global
	GlobalSection(SolutionConfigurationPlatforms) = preSolution
		Debug|Any CPU = Debug|Any CPU
		Release|Any CPU = Release|Any CPU
	EndGlobalSection
	GlobalSection(ProjectConfigurationPlatforms) = postSolution
		{51C8CFF3-5125-4DFA-AECB-3D2DAFBE9965}.Debug|Any CPU.ActiveCfg = Debug|Any CPU
		{51C8CFF3-5125-4DFA-AECB-3D2DAFBE9965}.Debug|Any CPU.Build.0 = Debug|Any CPU
		{51C8CFF3-5125-4DFA-AECB-3D2DAFBE9965}.Release|Any CPU.ActiveCfg = Release|Any CPU
		{51C8CFF3-5125-4DFA-AECB-3D2DAFBE9965}.Release|Any CPU.Build.0 = Release|Any CPU
	EndGlobalSection
	GlobalSection(SolutionProperties) = preSolution
		HideSolutionNode = FALSE
	EndGlobalSection
EndGlobal
